// !$*UTF8*$!
{
	archiveVersion = 1;
	classes = {
	};
	objectVersion = 63;
	objects = {

/* Begin PBXBuildFile section */
		1606B0C82BE0F9BA00CA099C /* GoogleService-Info.plist in Resources */ = {isa = PBXBuildFile; fileRef = 1606B0C72BE0F9BA00CA099C /* GoogleService-Info.plist */; };
		160ADA502AD18957006FC41D /* JLPT_QuizApp.swift in Sources */ = {isa = PBXBuildFile; fileRef = 160ADA4F2AD18957006FC41D /* JLPT_QuizApp.swift */; };
		160ADA522AD18957006FC41D /* ContentView.swift in Sources */ = {isa = PBXBuildFile; fileRef = 160ADA512AD18957006FC41D /* ContentView.swift */; };
		160ADA542AD18958006FC41D /* Assets.xcassets in Resources */ = {isa = PBXBuildFile; fileRef = 160ADA532AD18958006FC41D /* Assets.xcassets */; };
		160ADA572AD18958006FC41D /* Preview Assets.xcassets in Resources */ = {isa = PBXBuildFile; fileRef = 160ADA562AD18958006FC41D /* Preview Assets.xcassets */; };
		16428A352C2A70E100F0D7E6 /* N3Q1.mp3 in Resources */ = {isa = PBXBuildFile; fileRef = 16428A292C2A70E000F0D7E6 /* N3Q1.mp3 */; };
		16428A362C2A70E100F0D7E6 /* N3Q7.mp3 in Resources */ = {isa = PBXBuildFile; fileRef = 16428A2A2C2A70E000F0D7E6 /* N3Q7.mp3 */; };
		16428A372C2A70E100F0D7E6 /* N3Q8.mp3 in Resources */ = {isa = PBXBuildFile; fileRef = 16428A2B2C2A70E000F0D7E6 /* N3Q8.mp3 */; };
		16428A382C2A70E100F0D7E6 /* N3Q12.mp3 in Resources */ = {isa = PBXBuildFile; fileRef = 16428A2C2C2A70E000F0D7E6 /* N3Q12.mp3 */; };
		16428A392C2A70E100F0D7E6 /* N3Q3.mp3 in Resources */ = {isa = PBXBuildFile; fileRef = 16428A2D2C2A70E000F0D7E6 /* N3Q3.mp3 */; };
		16428A3A2C2A70E100F0D7E6 /* N3Q6.mp3 in Resources */ = {isa = PBXBuildFile; fileRef = 16428A2E2C2A70E000F0D7E6 /* N3Q6.mp3 */; };
		16428A3B2C2A70E100F0D7E6 /* N3Q5.mp3 in Resources */ = {isa = PBXBuildFile; fileRef = 16428A2F2C2A70E000F0D7E6 /* N3Q5.mp3 */; };
		16428A3C2C2A70E100F0D7E6 /* N3Q10.mp3 in Resources */ = {isa = PBXBuildFile; fileRef = 16428A302C2A70E100F0D7E6 /* N3Q10.mp3 */; };
		16428A3D2C2A70E100F0D7E6 /* N3Q9.mp3 in Resources */ = {isa = PBXBuildFile; fileRef = 16428A312C2A70E100F0D7E6 /* N3Q9.mp3 */; };
		16428A3E2C2A70E100F0D7E6 /* N3Q11.mp3 in Resources */ = {isa = PBXBuildFile; fileRef = 16428A322C2A70E100F0D7E6 /* N3Q11.mp3 */; };
		16428A3F2C2A70E100F0D7E6 /* N3Q4.mp3 in Resources */ = {isa = PBXBuildFile; fileRef = 16428A332C2A70E100F0D7E6 /* N3Q4.mp3 */; };
		16428A402C2A70E100F0D7E6 /* N3Q2.mp3 in Resources */ = {isa = PBXBuildFile; fileRef = 16428A342C2A70E100F0D7E6 /* N3Q2.mp3 */; };
		16428A502C2A77F300F0D7E6 /* N4Q14.mp3 in Resources */ = {isa = PBXBuildFile; fileRef = 16428A412C2A77F200F0D7E6 /* N4Q14.mp3 */; };
		16428A512C2A77F300F0D7E6 /* N4Q1.mp3 in Resources */ = {isa = PBXBuildFile; fileRef = 16428A422C2A77F200F0D7E6 /* N4Q1.mp3 */; };
		16428A522C2A77F300F0D7E6 /* N4Q4.mp3 in Resources */ = {isa = PBXBuildFile; fileRef = 16428A432C2A77F200F0D7E6 /* N4Q4.mp3 */; };
		16428A532C2A77F300F0D7E6 /* N4Q13.mp3 in Resources */ = {isa = PBXBuildFile; fileRef = 16428A442C2A77F200F0D7E6 /* N4Q13.mp3 */; };
		16428A542C2A77F300F0D7E6 /* N4Q3.mp3 in Resources */ = {isa = PBXBuildFile; fileRef = 16428A452C2A77F200F0D7E6 /* N4Q3.mp3 */; };
		16428A552C2A77F300F0D7E6 /* N4Q12.mp3 in Resources */ = {isa = PBXBuildFile; fileRef = 16428A462C2A77F200F0D7E6 /* N4Q12.mp3 */; };
		16428A562C2A77F300F0D7E6 /* N4Q6.mp3 in Resources */ = {isa = PBXBuildFile; fileRef = 16428A472C2A77F200F0D7E6 /* N4Q6.mp3 */; };
		16428A572C2A77F300F0D7E6 /* N4Q7.mp3 in Resources */ = {isa = PBXBuildFile; fileRef = 16428A482C2A77F200F0D7E6 /* N4Q7.mp3 */; };
		16428A582C2A77F300F0D7E6 /* N4Q11.mp3 in Resources */ = {isa = PBXBuildFile; fileRef = 16428A492C2A77F200F0D7E6 /* N4Q11.mp3 */; };
		16428A592C2A77F300F0D7E6 /* N4Q2.mp3 in Resources */ = {isa = PBXBuildFile; fileRef = 16428A4A2C2A77F200F0D7E6 /* N4Q2.mp3 */; };
		16428A5A2C2A77F300F0D7E6 /* N4Q9.mp3 in Resources */ = {isa = PBXBuildFile; fileRef = 16428A4B2C2A77F200F0D7E6 /* N4Q9.mp3 */; };
		16428A5B2C2A77F300F0D7E6 /* N4Q10.mp3 in Resources */ = {isa = PBXBuildFile; fileRef = 16428A4C2C2A77F200F0D7E6 /* N4Q10.mp3 */; };
		16428A5C2C2A77F300F0D7E6 /* N4Q15.mp3 in Resources */ = {isa = PBXBuildFile; fileRef = 16428A4D2C2A77F200F0D7E6 /* N4Q15.mp3 */; };
		16428A5D2C2A77F300F0D7E6 /* N4Q8.mp3 in Resources */ = {isa = PBXBuildFile; fileRef = 16428A4E2C2A77F200F0D7E6 /* N4Q8.mp3 */; };
		16428A5E2C2A77F300F0D7E6 /* N4Q5.mp3 in Resources */ = {isa = PBXBuildFile; fileRef = 16428A4F2C2A77F200F0D7E6 /* N4Q5.mp3 */; };
		16428A6C2C2A887100F0D7E6 /* N5Q8.mp3 in Resources */ = {isa = PBXBuildFile; fileRef = 16428A5F2C2A887100F0D7E6 /* N5Q8.mp3 */; };
		16428A6D2C2A887100F0D7E6 /* N5Q4.mp3 in Resources */ = {isa = PBXBuildFile; fileRef = 16428A602C2A887100F0D7E6 /* N5Q4.mp3 */; };
		16428A6E2C2A887100F0D7E6 /* N5Q3.mp3 in Resources */ = {isa = PBXBuildFile; fileRef = 16428A612C2A887100F0D7E6 /* N5Q3.mp3 */; };
		16428A6F2C2A887100F0D7E6 /* N5Q10.mp3 in Resources */ = {isa = PBXBuildFile; fileRef = 16428A622C2A887100F0D7E6 /* N5Q10.mp3 */; };
		16428A702C2A887100F0D7E6 /* N5Q2.mp3 in Resources */ = {isa = PBXBuildFile; fileRef = 16428A632C2A887100F0D7E6 /* N5Q2.mp3 */; };
		16428A712C2A887100F0D7E6 /* N5Q6.mp3 in Resources */ = {isa = PBXBuildFile; fileRef = 16428A642C2A887100F0D7E6 /* N5Q6.mp3 */; };
		16428A722C2A887100F0D7E6 /* N5Q11.mp3 in Resources */ = {isa = PBXBuildFile; fileRef = 16428A652C2A887100F0D7E6 /* N5Q11.mp3 */; };
		16428A732C2A887100F0D7E6 /* N5Q5.mp3 in Resources */ = {isa = PBXBuildFile; fileRef = 16428A662C2A887100F0D7E6 /* N5Q5.mp3 */; };
		16428A742C2A887100F0D7E6 /* N5Q7.mp3 in Resources */ = {isa = PBXBuildFile; fileRef = 16428A672C2A887100F0D7E6 /* N5Q7.mp3 */; };
		16428A752C2A887100F0D7E6 /* N5Q12.mp3 in Resources */ = {isa = PBXBuildFile; fileRef = 16428A682C2A887100F0D7E6 /* N5Q12.mp3 */; };
		16428A762C2A887100F0D7E6 /* N5Q1.mp3 in Resources */ = {isa = PBXBuildFile; fileRef = 16428A692C2A887100F0D7E6 /* N5Q1.mp3 */; };
		16428A772C2A887100F0D7E6 /* N5Q9.mp3 in Resources */ = {isa = PBXBuildFile; fileRef = 16428A6A2C2A887100F0D7E6 /* N5Q9.mp3 */; };
		16428A782C2A887100F0D7E6 /* N5Q13.mp3 in Resources */ = {isa = PBXBuildFile; fileRef = 16428A6B2C2A887100F0D7E6 /* N5Q13.mp3 */; };
		1654C79D2B1AF6FA0080D213 /* JLPTN1Video.swift in Sources */ = {isa = PBXBuildFile; fileRef = 1654C79C2B1AF6FA0080D213 /* JLPTN1Video.swift */; };
		1654C79F2B1B11F90080D213 /* JLPTN2Video.swift in Sources */ = {isa = PBXBuildFile; fileRef = 1654C79E2B1B11F90080D213 /* JLPTN2Video.swift */; };
		1654C7A12B1B12530080D213 /* JLPTN3Video.swift in Sources */ = {isa = PBXBuildFile; fileRef = 1654C7A02B1B12530080D213 /* JLPTN3Video.swift */; };
		1654C7A32B1B125D0080D213 /* JLPTN4Video.swift in Sources */ = {isa = PBXBuildFile; fileRef = 1654C7A22B1B125D0080D213 /* JLPTN4Video.swift */; };
		1678AD722C296A1200862B0D /* N1Q10.mp3 in Resources */ = {isa = PBXBuildFile; fileRef = 1678AD652C296A1200862B0D /* N1Q10.mp3 */; };
		1678AD732C296A1200862B0D /* N1Q13.mp3 in Resources */ = {isa = PBXBuildFile; fileRef = 1678AD662C296A1200862B0D /* N1Q13.mp3 */; };
		1678AD742C296A1200862B0D /* N1Q9.mp3 in Resources */ = {isa = PBXBuildFile; fileRef = 1678AD672C296A1200862B0D /* N1Q9.mp3 */; };
		1678AD752C296A1200862B0D /* N1Q11.mp3 in Resources */ = {isa = PBXBuildFile; fileRef = 1678AD682C296A1200862B0D /* N1Q11.mp3 */; };
		1678AD762C296A1200862B0D /* N1Q6.mp3 in Resources */ = {isa = PBXBuildFile; fileRef = 1678AD692C296A1200862B0D /* N1Q6.mp3 */; };
		1678AD772C296A1200862B0D /* N1Q3.mp3 in Resources */ = {isa = PBXBuildFile; fileRef = 1678AD6A2C296A1200862B0D /* N1Q3.mp3 */; };
		1678AD782C296A1200862B0D /* N1Q8.mp3 in Resources */ = {isa = PBXBuildFile; fileRef = 1678AD6B2C296A1200862B0D /* N1Q8.mp3 */; };
		1678AD792C296A1200862B0D /* N1Q1.mp3 in Resources */ = {isa = PBXBuildFile; fileRef = 1678AD6C2C296A1200862B0D /* N1Q1.mp3 */; };
		1678AD7A2C296A1200862B0D /* N1Q12.mp3 in Resources */ = {isa = PBXBuildFile; fileRef = 1678AD6D2C296A1200862B0D /* N1Q12.mp3 */; };
		1678AD7B2C296A1200862B0D /* N1Q7.mp3 in Resources */ = {isa = PBXBuildFile; fileRef = 1678AD6E2C296A1200862B0D /* N1Q7.mp3 */; };
		1678AD7C2C296A1200862B0D /* N1Q2.mp3 in Resources */ = {isa = PBXBuildFile; fileRef = 1678AD6F2C296A1200862B0D /* N1Q2.mp3 */; };
		1678AD7D2C296A1200862B0D /* N1Q4.mp3 in Resources */ = {isa = PBXBuildFile; fileRef = 1678AD702C296A1200862B0D /* N1Q4.mp3 */; };
		1678AD7E2C296A1200862B0D /* N1Q5.mp3 in Resources */ = {isa = PBXBuildFile; fileRef = 1678AD712C296A1200862B0D /* N1Q5.mp3 */; };
		1678AD8A2C2A6CEE00862B0D /* N2Q9.mp3 in Resources */ = {isa = PBXBuildFile; fileRef = 1678AD7F2C2A6CEE00862B0D /* N2Q9.mp3 */; };
		1678AD8B2C2A6CEE00862B0D /* N2Q1.mp3 in Resources */ = {isa = PBXBuildFile; fileRef = 1678AD802C2A6CEE00862B0D /* N2Q1.mp3 */; };
		1678AD8C2C2A6CEE00862B0D /* N2Q7.mp3 in Resources */ = {isa = PBXBuildFile; fileRef = 1678AD812C2A6CEE00862B0D /* N2Q7.mp3 */; };
		1678AD8D2C2A6CEE00862B0D /* N2Q6.mp3 in Resources */ = {isa = PBXBuildFile; fileRef = 1678AD822C2A6CEE00862B0D /* N2Q6.mp3 */; };
		1678AD8E2C2A6CEE00862B0D /* N2Q3.mp3 in Resources */ = {isa = PBXBuildFile; fileRef = 1678AD832C2A6CEE00862B0D /* N2Q3.mp3 */; };
		1678AD8F2C2A6CEE00862B0D /* N2Q4.mp3 in Resources */ = {isa = PBXBuildFile; fileRef = 1678AD842C2A6CEE00862B0D /* N2Q4.mp3 */; };
		1678AD902C2A6CEE00862B0D /* N2Q10.mp3 in Resources */ = {isa = PBXBuildFile; fileRef = 1678AD852C2A6CEE00862B0D /* N2Q10.mp3 */; };
		1678AD912C2A6CEE00862B0D /* N2Q5.mp3 in Resources */ = {isa = PBXBuildFile; fileRef = 1678AD862C2A6CEE00862B0D /* N2Q5.mp3 */; };
		1678AD922C2A6CEE00862B0D /* N2Q11.mp3 in Resources */ = {isa = PBXBuildFile; fileRef = 1678AD872C2A6CEE00862B0D /* N2Q11.mp3 */; };
		1678AD932C2A6CEE00862B0D /* N2Q8.mp3 in Resources */ = {isa = PBXBuildFile; fileRef = 1678AD882C2A6CEE00862B0D /* N2Q8.mp3 */; };
		1678AD942C2A6CEE00862B0D /* N2Q2.mp3 in Resources */ = {isa = PBXBuildFile; fileRef = 1678AD892C2A6CEE00862B0D /* N2Q2.mp3 */; };
		16861F612AD2D212001B0F81 /* Info.swift in Sources */ = {isa = PBXBuildFile; fileRef = 16861F602AD2D212001B0F81 /* Info.swift */; };
		16861F632AD2D247001B0F81 /* Question.swift in Sources */ = {isa = PBXBuildFile; fileRef = 16861F622AD2D247001B0F81 /* Question.swift */; };
		16861F652AD2D2E9001B0F81 /* Home.swift in Sources */ = {isa = PBXBuildFile; fileRef = 16861F642AD2D2E9001B0F81 /* Home.swift */; };
		16861F692AD2D648001B0F81 /* JLPTN1.swift in Sources */ = {isa = PBXBuildFile; fileRef = 16861F682AD2D648001B0F81 /* JLPTN1.swift */; };
		16861F6B2AD2D653001B0F81 /* JLPTN2.swift in Sources */ = {isa = PBXBuildFile; fileRef = 16861F6A2AD2D653001B0F81 /* JLPTN2.swift */; };
		16861F6E2AD2D667001B0F81 /* JLPTN3.swift in Sources */ = {isa = PBXBuildFile; fileRef = 16861F6D2AD2D667001B0F81 /* JLPTN3.swift */; };
		16861F702AD2D672001B0F81 /* JLPTN4.swift in Sources */ = {isa = PBXBuildFile; fileRef = 16861F6F2AD2D672001B0F81 /* JLPTN4.swift */; };
		16861F722AD2D67B001B0F81 /* JLPTN5.swift in Sources */ = {isa = PBXBuildFile; fileRef = 16861F712AD2D67B001B0F81 /* JLPTN5.swift */; };
		16861F7A2AD2EEE0001B0F81 /* FirebaseAnalytics in Frameworks */ = {isa = PBXBuildFile; productRef = 16861F792AD2EEE0001B0F81 /* FirebaseAnalytics */; };
		16861F862AD2EEE0001B0F81 /* FirebaseAuth in Frameworks */ = {isa = PBXBuildFile; productRef = 16861F852AD2EEE0001B0F81 /* FirebaseAuth */; };
		16861F922AD2EEE0001B0F81 /* FirebaseFirestore in Frameworks */ = {isa = PBXBuildFile; productRef = 16861F912AD2EEE0001B0F81 /* FirebaseFirestore */; };
		16861F962AD2EEE0001B0F81 /* FirebaseFirestoreSwift in Frameworks */ = {isa = PBXBuildFile; productRef = 16861F952AD2EEE0001B0F81 /* FirebaseFirestoreSwift */; };
		16861FAC2AD2EEE0001B0F81 /* FirebaseStorage in Frameworks */ = {isa = PBXBuildFile; productRef = 16861FAB2AD2EEE0001B0F81 /* FirebaseStorage */; };
		16861FB02AD2F669001B0F81 /* ScoreCardView.swift in Sources */ = {isa = PBXBuildFile; fileRef = 16861FAF2AD2F669001B0F81 /* ScoreCardView.swift */; };
		16861FB42AD3A528001B0F81 /* Select.swift in Sources */ = {isa = PBXBuildFile; fileRef = 16861FB32AD3A528001B0F81 /* Select.swift */; };
		16A206262B19E45A00C1A138 /* SelectVideo.swift in Sources */ = {isa = PBXBuildFile; fileRef = 16A206252B19E45A00C1A138 /* SelectVideo.swift */; };
		16B4ED1D2B02F9AC006DD1EC /* SelectAudioTest.swift in Sources */ = {isa = PBXBuildFile; fileRef = 16B4ED1C2B02F9AC006DD1EC /* SelectAudioTest.swift */; };
		16B4ED1F2B02F9C1006DD1EC /* JLPTN1AUDIOTEST.swift in Sources */ = {isa = PBXBuildFile; fileRef = 16B4ED1E2B02F9C1006DD1EC /* JLPTN1AUDIOTEST.swift */; };
		16EB684E2AD683D6008E695E /* CustomButton.swift in Sources */ = {isa = PBXBuildFile; fileRef = 16EB684D2AD683D6008E695E /* CustomButton.swift */; };
		16F7A73E2B08737D003F8E67 /* JLPTN2AUDIOTEST.swift in Sources */ = {isa = PBXBuildFile; fileRef = 16F7A73D2B08737D003F8E67 /* JLPTN2AUDIOTEST.swift */; };
		16F7A7402B08738C003F8E67 /* JLPTN3AUDIOTEST.swift in Sources */ = {isa = PBXBuildFile; fileRef = 16F7A73F2B08738C003F8E67 /* JLPTN3AUDIOTEST.swift */; };
		16F7A7422B08739C003F8E67 /* JLPTN4AUDIOTEST.swift in Sources */ = {isa = PBXBuildFile; fileRef = 16F7A7412B08739C003F8E67 /* JLPTN4AUDIOTEST.swift */; };
		16F7A7442B0873A6003F8E67 /* JLPTN5AUDIOTEST.swift in Sources */ = {isa = PBXBuildFile; fileRef = 16F7A7432B0873A6003F8E67 /* JLPTN5AUDIOTEST.swift */; };
/* End PBXBuildFile section */

/* Begin PBXFileReference section */
		1606B0C72BE0F9BA00CA099C /* GoogleService-Info.plist */ = {isa = PBXFileReference; fileEncoding = 4; lastKnownFileType = text.plist.xml; path = "GoogleService-Info.plist"; sourceTree = "<group>"; };
		160ADA4C2AD18957006FC41D /* JLPT Quiz.app */ = {isa = PBXFileReference; explicitFileType = wrapper.application; includeInIndex = 0; path = "JLPT Quiz.app"; sourceTree = BUILT_PRODUCTS_DIR; };
		160ADA4F2AD18957006FC41D /* JLPT_QuizApp.swift */ = {isa = PBXFileReference; lastKnownFileType = sourcecode.swift; path = JLPT_QuizApp.swift; sourceTree = "<group>"; };
		160ADA512AD18957006FC41D /* ContentView.swift */ = {isa = PBXFileReference; lastKnownFileType = sourcecode.swift; path = ContentView.swift; sourceTree = "<group>"; };
		160ADA532AD18958006FC41D /* Assets.xcassets */ = {isa = PBXFileReference; lastKnownFileType = folder.assetcatalog; path = Assets.xcassets; sourceTree = "<group>"; };
		160ADA562AD18958006FC41D /* Preview Assets.xcassets */ = {isa = PBXFileReference; lastKnownFileType = folder.assetcatalog; path = "Preview Assets.xcassets"; sourceTree = "<group>"; };
		16428A292C2A70E000F0D7E6 /* N3Q1.mp3 */ = {isa = PBXFileReference; lastKnownFileType = audio.mp3; path = N3Q1.mp3; sourceTree = "<group>"; };
		16428A2A2C2A70E000F0D7E6 /* N3Q7.mp3 */ = {isa = PBXFileReference; lastKnownFileType = audio.mp3; path = N3Q7.mp3; sourceTree = "<group>"; };
		16428A2B2C2A70E000F0D7E6 /* N3Q8.mp3 */ = {isa = PBXFileReference; lastKnownFileType = audio.mp3; path = N3Q8.mp3; sourceTree = "<group>"; };
		16428A2C2C2A70E000F0D7E6 /* N3Q12.mp3 */ = {isa = PBXFileReference; lastKnownFileType = audio.mp3; path = N3Q12.mp3; sourceTree = "<group>"; };
		16428A2D2C2A70E000F0D7E6 /* N3Q3.mp3 */ = {isa = PBXFileReference; lastKnownFileType = audio.mp3; path = N3Q3.mp3; sourceTree = "<group>"; };
		16428A2E2C2A70E000F0D7E6 /* N3Q6.mp3 */ = {isa = PBXFileReference; lastKnownFileType = audio.mp3; path = N3Q6.mp3; sourceTree = "<group>"; };
		16428A2F2C2A70E000F0D7E6 /* N3Q5.mp3 */ = {isa = PBXFileReference; lastKnownFileType = audio.mp3; path = N3Q5.mp3; sourceTree = "<group>"; };
		16428A302C2A70E100F0D7E6 /* N3Q10.mp3 */ = {isa = PBXFileReference; lastKnownFileType = audio.mp3; path = N3Q10.mp3; sourceTree = "<group>"; };
		16428A312C2A70E100F0D7E6 /* N3Q9.mp3 */ = {isa = PBXFileReference; lastKnownFileType = audio.mp3; path = N3Q9.mp3; sourceTree = "<group>"; };
		16428A322C2A70E100F0D7E6 /* N3Q11.mp3 */ = {isa = PBXFileReference; lastKnownFileType = audio.mp3; path = N3Q11.mp3; sourceTree = "<group>"; };
		16428A332C2A70E100F0D7E6 /* N3Q4.mp3 */ = {isa = PBXFileReference; lastKnownFileType = audio.mp3; path = N3Q4.mp3; sourceTree = "<group>"; };
		16428A342C2A70E100F0D7E6 /* N3Q2.mp3 */ = {isa = PBXFileReference; lastKnownFileType = audio.mp3; path = N3Q2.mp3; sourceTree = "<group>"; };
		16428A412C2A77F200F0D7E6 /* N4Q14.mp3 */ = {isa = PBXFileReference; lastKnownFileType = audio.mp3; path = N4Q14.mp3; sourceTree = "<group>"; };
		16428A422C2A77F200F0D7E6 /* N4Q1.mp3 */ = {isa = PBXFileReference; lastKnownFileType = audio.mp3; path = N4Q1.mp3; sourceTree = "<group>"; };
		16428A432C2A77F200F0D7E6 /* N4Q4.mp3 */ = {isa = PBXFileReference; lastKnownFileType = audio.mp3; path = N4Q4.mp3; sourceTree = "<group>"; };
		16428A442C2A77F200F0D7E6 /* N4Q13.mp3 */ = {isa = PBXFileReference; lastKnownFileType = audio.mp3; path = N4Q13.mp3; sourceTree = "<group>"; };
		16428A452C2A77F200F0D7E6 /* N4Q3.mp3 */ = {isa = PBXFileReference; lastKnownFileType = audio.mp3; path = N4Q3.mp3; sourceTree = "<group>"; };
		16428A462C2A77F200F0D7E6 /* N4Q12.mp3 */ = {isa = PBXFileReference; lastKnownFileType = audio.mp3; path = N4Q12.mp3; sourceTree = "<group>"; };
		16428A472C2A77F200F0D7E6 /* N4Q6.mp3 */ = {isa = PBXFileReference; lastKnownFileType = audio.mp3; path = N4Q6.mp3; sourceTree = "<group>"; };
		16428A482C2A77F200F0D7E6 /* N4Q7.mp3 */ = {isa = PBXFileReference; lastKnownFileType = audio.mp3; path = N4Q7.mp3; sourceTree = "<group>"; };
		16428A492C2A77F200F0D7E6 /* N4Q11.mp3 */ = {isa = PBXFileReference; lastKnownFileType = audio.mp3; path = N4Q11.mp3; sourceTree = "<group>"; };
		16428A4A2C2A77F200F0D7E6 /* N4Q2.mp3 */ = {isa = PBXFileReference; lastKnownFileType = audio.mp3; path = N4Q2.mp3; sourceTree = "<group>"; };
		16428A4B2C2A77F200F0D7E6 /* N4Q9.mp3 */ = {isa = PBXFileReference; lastKnownFileType = audio.mp3; path = N4Q9.mp3; sourceTree = "<group>"; };
		16428A4C2C2A77F200F0D7E6 /* N4Q10.mp3 */ = {isa = PBXFileReference; lastKnownFileType = audio.mp3; path = N4Q10.mp3; sourceTree = "<group>"; };
		16428A4D2C2A77F200F0D7E6 /* N4Q15.mp3 */ = {isa = PBXFileReference; lastKnownFileType = audio.mp3; path = N4Q15.mp3; sourceTree = "<group>"; };
		16428A4E2C2A77F200F0D7E6 /* N4Q8.mp3 */ = {isa = PBXFileReference; lastKnownFileType = audio.mp3; path = N4Q8.mp3; sourceTree = "<group>"; };
		16428A4F2C2A77F200F0D7E6 /* N4Q5.mp3 */ = {isa = PBXFileReference; lastKnownFileType = audio.mp3; path = N4Q5.mp3; sourceTree = "<group>"; };
		16428A5F2C2A887100F0D7E6 /* N5Q8.mp3 */ = {isa = PBXFileReference; lastKnownFileType = audio.mp3; path = N5Q8.mp3; sourceTree = "<group>"; };
		16428A602C2A887100F0D7E6 /* N5Q4.mp3 */ = {isa = PBXFileReference; lastKnownFileType = audio.mp3; path = N5Q4.mp3; sourceTree = "<group>"; };
		16428A612C2A887100F0D7E6 /* N5Q3.mp3 */ = {isa = PBXFileReference; lastKnownFileType = audio.mp3; path = N5Q3.mp3; sourceTree = "<group>"; };
		16428A622C2A887100F0D7E6 /* N5Q10.mp3 */ = {isa = PBXFileReference; lastKnownFileType = audio.mp3; path = N5Q10.mp3; sourceTree = "<group>"; };
		16428A632C2A887100F0D7E6 /* N5Q2.mp3 */ = {isa = PBXFileReference; lastKnownFileType = audio.mp3; path = N5Q2.mp3; sourceTree = "<group>"; };
		16428A642C2A887100F0D7E6 /* N5Q6.mp3 */ = {isa = PBXFileReference; lastKnownFileType = audio.mp3; path = N5Q6.mp3; sourceTree = "<group>"; };
		16428A652C2A887100F0D7E6 /* N5Q11.mp3 */ = {isa = PBXFileReference; lastKnownFileType = audio.mp3; path = N5Q11.mp3; sourceTree = "<group>"; };
		16428A662C2A887100F0D7E6 /* N5Q5.mp3 */ = {isa = PBXFileReference; lastKnownFileType = audio.mp3; path = N5Q5.mp3; sourceTree = "<group>"; };
		16428A672C2A887100F0D7E6 /* N5Q7.mp3 */ = {isa = PBXFileReference; lastKnownFileType = audio.mp3; path = N5Q7.mp3; sourceTree = "<group>"; };
		16428A682C2A887100F0D7E6 /* N5Q12.mp3 */ = {isa = PBXFileReference; lastKnownFileType = audio.mp3; path = N5Q12.mp3; sourceTree = "<group>"; };
		16428A692C2A887100F0D7E6 /* N5Q1.mp3 */ = {isa = PBXFileReference; lastKnownFileType = audio.mp3; path = N5Q1.mp3; sourceTree = "<group>"; };
		16428A6A2C2A887100F0D7E6 /* N5Q9.mp3 */ = {isa = PBXFileReference; lastKnownFileType = audio.mp3; path = N5Q9.mp3; sourceTree = "<group>"; };
		16428A6B2C2A887100F0D7E6 /* N5Q13.mp3 */ = {isa = PBXFileReference; lastKnownFileType = audio.mp3; path = N5Q13.mp3; sourceTree = "<group>"; };
		1654C79C2B1AF6FA0080D213 /* JLPTN1Video.swift */ = {isa = PBXFileReference; lastKnownFileType = sourcecode.swift; path = JLPTN1Video.swift; sourceTree = "<group>"; };
		1654C79E2B1B11F90080D213 /* JLPTN2Video.swift */ = {isa = PBXFileReference; lastKnownFileType = sourcecode.swift; path = JLPTN2Video.swift; sourceTree = "<group>"; };
		1654C7A02B1B12530080D213 /* JLPTN3Video.swift */ = {isa = PBXFileReference; lastKnownFileType = sourcecode.swift; path = JLPTN3Video.swift; sourceTree = "<group>"; };
		1654C7A22B1B125D0080D213 /* JLPTN4Video.swift */ = {isa = PBXFileReference; lastKnownFileType = sourcecode.swift; path = JLPTN4Video.swift; sourceTree = "<group>"; };
		1676EAA72AD4F24800B913A1 /* JLPT Quiz.entitlements */ = {isa = PBXFileReference; lastKnownFileType = text.plist.entitlements; path = "JLPT Quiz.entitlements"; sourceTree = "<group>"; };
		1678AD652C296A1200862B0D /* N1Q10.mp3 */ = {isa = PBXFileReference; lastKnownFileType = audio.mp3; path = N1Q10.mp3; sourceTree = "<group>"; };
		1678AD662C296A1200862B0D /* N1Q13.mp3 */ = {isa = PBXFileReference; lastKnownFileType = audio.mp3; path = N1Q13.mp3; sourceTree = "<group>"; };
		1678AD672C296A1200862B0D /* N1Q9.mp3 */ = {isa = PBXFileReference; lastKnownFileType = audio.mp3; path = N1Q9.mp3; sourceTree = "<group>"; };
		1678AD682C296A1200862B0D /* N1Q11.mp3 */ = {isa = PBXFileReference; lastKnownFileType = audio.mp3; path = N1Q11.mp3; sourceTree = "<group>"; };
		1678AD692C296A1200862B0D /* N1Q6.mp3 */ = {isa = PBXFileReference; lastKnownFileType = audio.mp3; path = N1Q6.mp3; sourceTree = "<group>"; };
		1678AD6A2C296A1200862B0D /* N1Q3.mp3 */ = {isa = PBXFileReference; lastKnownFileType = audio.mp3; path = N1Q3.mp3; sourceTree = "<group>"; };
		1678AD6B2C296A1200862B0D /* N1Q8.mp3 */ = {isa = PBXFileReference; lastKnownFileType = audio.mp3; path = N1Q8.mp3; sourceTree = "<group>"; };
		1678AD6C2C296A1200862B0D /* N1Q1.mp3 */ = {isa = PBXFileReference; lastKnownFileType = audio.mp3; path = N1Q1.mp3; sourceTree = "<group>"; };
		1678AD6D2C296A1200862B0D /* N1Q12.mp3 */ = {isa = PBXFileReference; lastKnownFileType = audio.mp3; path = N1Q12.mp3; sourceTree = "<group>"; };
		1678AD6E2C296A1200862B0D /* N1Q7.mp3 */ = {isa = PBXFileReference; lastKnownFileType = audio.mp3; path = N1Q7.mp3; sourceTree = "<group>"; };
		1678AD6F2C296A1200862B0D /* N1Q2.mp3 */ = {isa = PBXFileReference; lastKnownFileType = audio.mp3; path = N1Q2.mp3; sourceTree = "<group>"; };
		1678AD702C296A1200862B0D /* N1Q4.mp3 */ = {isa = PBXFileReference; lastKnownFileType = audio.mp3; path = N1Q4.mp3; sourceTree = "<group>"; };
		1678AD712C296A1200862B0D /* N1Q5.mp3 */ = {isa = PBXFileReference; lastKnownFileType = audio.mp3; path = N1Q5.mp3; sourceTree = "<group>"; };
		1678AD7F2C2A6CEE00862B0D /* N2Q9.mp3 */ = {isa = PBXFileReference; lastKnownFileType = audio.mp3; path = N2Q9.mp3; sourceTree = "<group>"; };
		1678AD802C2A6CEE00862B0D /* N2Q1.mp3 */ = {isa = PBXFileReference; lastKnownFileType = audio.mp3; path = N2Q1.mp3; sourceTree = "<group>"; };
		1678AD812C2A6CEE00862B0D /* N2Q7.mp3 */ = {isa = PBXFileReference; lastKnownFileType = audio.mp3; path = N2Q7.mp3; sourceTree = "<group>"; };
		1678AD822C2A6CEE00862B0D /* N2Q6.mp3 */ = {isa = PBXFileReference; lastKnownFileType = audio.mp3; path = N2Q6.mp3; sourceTree = "<group>"; };
		1678AD832C2A6CEE00862B0D /* N2Q3.mp3 */ = {isa = PBXFileReference; lastKnownFileType = audio.mp3; path = N2Q3.mp3; sourceTree = "<group>"; };
		1678AD842C2A6CEE00862B0D /* N2Q4.mp3 */ = {isa = PBXFileReference; lastKnownFileType = audio.mp3; path = N2Q4.mp3; sourceTree = "<group>"; };
		1678AD852C2A6CEE00862B0D /* N2Q10.mp3 */ = {isa = PBXFileReference; lastKnownFileType = audio.mp3; path = N2Q10.mp3; sourceTree = "<group>"; };
		1678AD862C2A6CEE00862B0D /* N2Q5.mp3 */ = {isa = PBXFileReference; lastKnownFileType = audio.mp3; path = N2Q5.mp3; sourceTree = "<group>"; };
		1678AD872C2A6CEE00862B0D /* N2Q11.mp3 */ = {isa = PBXFileReference; lastKnownFileType = audio.mp3; path = N2Q11.mp3; sourceTree = "<group>"; };
		1678AD882C2A6CEE00862B0D /* N2Q8.mp3 */ = {isa = PBXFileReference; lastKnownFileType = audio.mp3; path = N2Q8.mp3; sourceTree = "<group>"; };
		1678AD892C2A6CEE00862B0D /* N2Q2.mp3 */ = {isa = PBXFileReference; lastKnownFileType = audio.mp3; path = N2Q2.mp3; sourceTree = "<group>"; };
		16861F602AD2D212001B0F81 /* Info.swift */ = {isa = PBXFileReference; lastKnownFileType = sourcecode.swift; path = Info.swift; sourceTree = "<group>"; };
		16861F622AD2D247001B0F81 /* Question.swift */ = {isa = PBXFileReference; lastKnownFileType = sourcecode.swift; path = Question.swift; sourceTree = "<group>"; };
		16861F642AD2D2E9001B0F81 /* Home.swift */ = {isa = PBXFileReference; lastKnownFileType = sourcecode.swift; path = Home.swift; sourceTree = "<group>"; };
		16861F682AD2D648001B0F81 /* JLPTN1.swift */ = {isa = PBXFileReference; lastKnownFileType = sourcecode.swift; path = JLPTN1.swift; sourceTree = "<group>"; };
		16861F6A2AD2D653001B0F81 /* JLPTN2.swift */ = {isa = PBXFileReference; lastKnownFileType = sourcecode.swift; path = JLPTN2.swift; sourceTree = "<group>"; };
		16861F6D2AD2D667001B0F81 /* JLPTN3.swift */ = {isa = PBXFileReference; lastKnownFileType = sourcecode.swift; path = JLPTN3.swift; sourceTree = "<group>"; };
		16861F6F2AD2D672001B0F81 /* JLPTN4.swift */ = {isa = PBXFileReference; lastKnownFileType = sourcecode.swift; path = JLPTN4.swift; sourceTree = "<group>"; };
		16861F712AD2D67B001B0F81 /* JLPTN5.swift */ = {isa = PBXFileReference; lastKnownFileType = sourcecode.swift; path = JLPTN5.swift; sourceTree = "<group>"; };
		16861FAF2AD2F669001B0F81 /* ScoreCardView.swift */ = {isa = PBXFileReference; lastKnownFileType = sourcecode.swift; path = ScoreCardView.swift; sourceTree = "<group>"; };
		16861FB32AD3A528001B0F81 /* Select.swift */ = {isa = PBXFileReference; lastKnownFileType = sourcecode.swift; path = Select.swift; sourceTree = "<group>"; };
		16A206252B19E45A00C1A138 /* SelectVideo.swift */ = {isa = PBXFileReference; lastKnownFileType = sourcecode.swift; path = SelectVideo.swift; sourceTree = "<group>"; };
		16B4ED1C2B02F9AC006DD1EC /* SelectAudioTest.swift */ = {isa = PBXFileReference; lastKnownFileType = sourcecode.swift; path = SelectAudioTest.swift; sourceTree = "<group>"; };
		16B4ED1E2B02F9C1006DD1EC /* JLPTN1AUDIOTEST.swift */ = {isa = PBXFileReference; lastKnownFileType = sourcecode.swift; path = JLPTN1AUDIOTEST.swift; sourceTree = "<group>"; };
		16EB684D2AD683D6008E695E /* CustomButton.swift */ = {isa = PBXFileReference; lastKnownFileType = sourcecode.swift; path = CustomButton.swift; sourceTree = "<group>"; };
		16F7A73D2B08737D003F8E67 /* JLPTN2AUDIOTEST.swift */ = {isa = PBXFileReference; lastKnownFileType = sourcecode.swift; path = JLPTN2AUDIOTEST.swift; sourceTree = "<group>"; };
		16F7A73F2B08738C003F8E67 /* JLPTN3AUDIOTEST.swift */ = {isa = PBXFileReference; lastKnownFileType = sourcecode.swift; path = JLPTN3AUDIOTEST.swift; sourceTree = "<group>"; };
		16F7A7412B08739C003F8E67 /* JLPTN4AUDIOTEST.swift */ = {isa = PBXFileReference; lastKnownFileType = sourcecode.swift; path = JLPTN4AUDIOTEST.swift; sourceTree = "<group>"; };
		16F7A7432B0873A6003F8E67 /* JLPTN5AUDIOTEST.swift */ = {isa = PBXFileReference; lastKnownFileType = sourcecode.swift; path = JLPTN5AUDIOTEST.swift; sourceTree = "<group>"; };
/* End PBXFileReference section */

/* Begin PBXFrameworksBuildPhase section */
		160ADA492AD18957006FC41D /* Frameworks */ = {
			isa = PBXFrameworksBuildPhase;
			buildActionMask = 2147483647;
			files = (
				16861F922AD2EEE0001B0F81 /* FirebaseFirestore in Frameworks */,
				16861F7A2AD2EEE0001B0F81 /* FirebaseAnalytics in Frameworks */,
				16861F962AD2EEE0001B0F81 /* FirebaseFirestoreSwift in Frameworks */,
				16861F862AD2EEE0001B0F81 /* FirebaseAuth in Frameworks */,
				16861FAC2AD2EEE0001B0F81 /* FirebaseStorage in Frameworks */,
			);
			runOnlyForDeploymentPostprocessing = 0;
		};
/* End PBXFrameworksBuildPhase section */

/* Begin PBXGroup section */
		160ADA432AD18957006FC41D = {
			isa = PBXGroup;
			children = (
				160ADA4E2AD18957006FC41D /* JLPT Quiz */,
				160ADA4D2AD18957006FC41D /* Products */,
			);
			sourceTree = "<group>";
		};
		160ADA4D2AD18957006FC41D /* Products */ = {
			isa = PBXGroup;
			children = (
				160ADA4C2AD18957006FC41D /* JLPT Quiz.app */,
			);
			name = Products;
			sourceTree = "<group>";
		};
		160ADA4E2AD18957006FC41D /* JLPT Quiz */ = {
			isa = PBXGroup;
			children = (
				1676EAA72AD4F24800B913A1 /* JLPT Quiz.entitlements */,
				162D55582B090FEA00FFC516 /* JLPTN1AUDIO */,
				162D55592B09100900FFC516 /* JLPTN2AUDIO */,
				162D555A2B09101500FFC516 /* JLPTN3AUDIO */,
				162D555B2B09101D00FFC516 /* JLPTN4AUDIO */,
				162D555C2B09102D00FFC516 /* JLPTN5AUDIO */,
				16861F5E2AD2D1B8001B0F81 /* View */,
				16861F5C2AD2C849001B0F81 /* Model */,
				160ADA4F2AD18957006FC41D /* JLPT_QuizApp.swift */,
				160ADA512AD18957006FC41D /* ContentView.swift */,
				1606B0C72BE0F9BA00CA099C /* GoogleService-Info.plist */,
				160ADA532AD18958006FC41D /* Assets.xcassets */,
				160ADA552AD18958006FC41D /* Preview Content */,
			);
			path = "JLPT Quiz";
			sourceTree = "<group>";
		};
		160ADA552AD18958006FC41D /* Preview Content */ = {
			isa = PBXGroup;
			children = (
				160ADA562AD18958006FC41D /* Preview Assets.xcassets */,
			);
			path = "Preview Content";
			sourceTree = "<group>";
		};
		162D55582B090FEA00FFC516 /* JLPTN1AUDIO */ = {
			isa = PBXGroup;
			children = (
				1678AD6C2C296A1200862B0D /* N1Q1.mp3 */,
				1678AD6F2C296A1200862B0D /* N1Q2.mp3 */,
				1678AD6A2C296A1200862B0D /* N1Q3.mp3 */,
				1678AD702C296A1200862B0D /* N1Q4.mp3 */,
				1678AD712C296A1200862B0D /* N1Q5.mp3 */,
				1678AD692C296A1200862B0D /* N1Q6.mp3 */,
				1678AD6E2C296A1200862B0D /* N1Q7.mp3 */,
				1678AD6B2C296A1200862B0D /* N1Q8.mp3 */,
				1678AD672C296A1200862B0D /* N1Q9.mp3 */,
				1678AD652C296A1200862B0D /* N1Q10.mp3 */,
				1678AD682C296A1200862B0D /* N1Q11.mp3 */,
				1678AD6D2C296A1200862B0D /* N1Q12.mp3 */,
				1678AD662C296A1200862B0D /* N1Q13.mp3 */,
			);
			path = JLPTN1AUDIO;
			sourceTree = "<group>";
		};
		162D55592B09100900FFC516 /* JLPTN2AUDIO */ = {
			isa = PBXGroup;
			children = (
				1678AD802C2A6CEE00862B0D /* N2Q1.mp3 */,
				1678AD892C2A6CEE00862B0D /* N2Q2.mp3 */,
				1678AD832C2A6CEE00862B0D /* N2Q3.mp3 */,
				1678AD842C2A6CEE00862B0D /* N2Q4.mp3 */,
				1678AD862C2A6CEE00862B0D /* N2Q5.mp3 */,
				1678AD822C2A6CEE00862B0D /* N2Q6.mp3 */,
				1678AD812C2A6CEE00862B0D /* N2Q7.mp3 */,
				1678AD882C2A6CEE00862B0D /* N2Q8.mp3 */,
				1678AD7F2C2A6CEE00862B0D /* N2Q9.mp3 */,
				1678AD852C2A6CEE00862B0D /* N2Q10.mp3 */,
				1678AD872C2A6CEE00862B0D /* N2Q11.mp3 */,
			);
			path = JLPTN2AUDIO;
			sourceTree = "<group>";
		};
		162D555A2B09101500FFC516 /* JLPTN3AUDIO */ = {
			isa = PBXGroup;
			children = (
				16428A292C2A70E000F0D7E6 /* N3Q1.mp3 */,
				16428A342C2A70E100F0D7E6 /* N3Q2.mp3 */,
				16428A2D2C2A70E000F0D7E6 /* N3Q3.mp3 */,
				16428A332C2A70E100F0D7E6 /* N3Q4.mp3 */,
				16428A2F2C2A70E000F0D7E6 /* N3Q5.mp3 */,
				16428A2E2C2A70E000F0D7E6 /* N3Q6.mp3 */,
				16428A2A2C2A70E000F0D7E6 /* N3Q7.mp3 */,
				16428A2B2C2A70E000F0D7E6 /* N3Q8.mp3 */,
				16428A312C2A70E100F0D7E6 /* N3Q9.mp3 */,
				16428A302C2A70E100F0D7E6 /* N3Q10.mp3 */,
				16428A322C2A70E100F0D7E6 /* N3Q11.mp3 */,
				16428A2C2C2A70E000F0D7E6 /* N3Q12.mp3 */,
			);
			path = JLPTN3AUDIO;
			sourceTree = "<group>";
		};
		162D555B2B09101D00FFC516 /* JLPTN4AUDIO */ = {
			isa = PBXGroup;
			children = (
				16428A422C2A77F200F0D7E6 /* N4Q1.mp3 */,
				16428A4A2C2A77F200F0D7E6 /* N4Q2.mp3 */,
				16428A452C2A77F200F0D7E6 /* N4Q3.mp3 */,
				16428A432C2A77F200F0D7E6 /* N4Q4.mp3 */,
				16428A4F2C2A77F200F0D7E6 /* N4Q5.mp3 */,
				16428A472C2A77F200F0D7E6 /* N4Q6.mp3 */,
				16428A482C2A77F200F0D7E6 /* N4Q7.mp3 */,
				16428A4E2C2A77F200F0D7E6 /* N4Q8.mp3 */,
				16428A4B2C2A77F200F0D7E6 /* N4Q9.mp3 */,
				16428A4C2C2A77F200F0D7E6 /* N4Q10.mp3 */,
				16428A492C2A77F200F0D7E6 /* N4Q11.mp3 */,
				16428A462C2A77F200F0D7E6 /* N4Q12.mp3 */,
				16428A442C2A77F200F0D7E6 /* N4Q13.mp3 */,
				16428A412C2A77F200F0D7E6 /* N4Q14.mp3 */,
				16428A4D2C2A77F200F0D7E6 /* N4Q15.mp3 */,
			);
			path = JLPTN4AUDIO;
			sourceTree = "<group>";
		};
		162D555C2B09102D00FFC516 /* JLPTN5AUDIO */ = {
			isa = PBXGroup;
			children = (
				16428A692C2A887100F0D7E6 /* N5Q1.mp3 */,
				16428A632C2A887100F0D7E6 /* N5Q2.mp3 */,
				16428A612C2A887100F0D7E6 /* N5Q3.mp3 */,
				16428A602C2A887100F0D7E6 /* N5Q4.mp3 */,
				16428A662C2A887100F0D7E6 /* N5Q5.mp3 */,
				16428A642C2A887100F0D7E6 /* N5Q6.mp3 */,
				16428A672C2A887100F0D7E6 /* N5Q7.mp3 */,
				16428A5F2C2A887100F0D7E6 /* N5Q8.mp3 */,
				16428A6A2C2A887100F0D7E6 /* N5Q9.mp3 */,
				16428A622C2A887100F0D7E6 /* N5Q10.mp3 */,
				16428A652C2A887100F0D7E6 /* N5Q11.mp3 */,
				16428A682C2A887100F0D7E6 /* N5Q12.mp3 */,
				16428A6B2C2A887100F0D7E6 /* N5Q13.mp3 */,
			);
			path = JLPTN5AUDIO;
			sourceTree = "<group>";
		};
		16861F5C2AD2C849001B0F81 /* Model */ = {
			isa = PBXGroup;
			children = (
				16861F602AD2D212001B0F81 /* Info.swift */,
				16861F622AD2D247001B0F81 /* Question.swift */,
			);
			path = Model;
			sourceTree = "<group>";
		};
		16861F5E2AD2D1B8001B0F81 /* View */ = {
			isa = PBXGroup;
			children = (
				16861F642AD2D2E9001B0F81 /* Home.swift */,
				16EB684D2AD683D6008E695E /* CustomButton.swift */,
				16861FB32AD3A528001B0F81 /* Select.swift */,
				16861F682AD2D648001B0F81 /* JLPTN1.swift */,
				16861F6A2AD2D653001B0F81 /* JLPTN2.swift */,
				16861F6D2AD2D667001B0F81 /* JLPTN3.swift */,
				16861F6F2AD2D672001B0F81 /* JLPTN4.swift */,
				16861F712AD2D67B001B0F81 /* JLPTN5.swift */,
				16B4ED1C2B02F9AC006DD1EC /* SelectAudioTest.swift */,
				16B4ED1E2B02F9C1006DD1EC /* JLPTN1AUDIOTEST.swift */,
				16F7A73D2B08737D003F8E67 /* JLPTN2AUDIOTEST.swift */,
				16F7A73F2B08738C003F8E67 /* JLPTN3AUDIOTEST.swift */,
				16F7A7412B08739C003F8E67 /* JLPTN4AUDIOTEST.swift */,
				16F7A7432B0873A6003F8E67 /* JLPTN5AUDIOTEST.swift */,
				16A206252B19E45A00C1A138 /* SelectVideo.swift */,
				1654C79C2B1AF6FA0080D213 /* JLPTN1Video.swift */,
				1654C79E2B1B11F90080D213 /* JLPTN2Video.swift */,
				1654C7A02B1B12530080D213 /* JLPTN3Video.swift */,
				1654C7A22B1B125D0080D213 /* JLPTN4Video.swift */,
				16861FAF2AD2F669001B0F81 /* ScoreCardView.swift */,
			);
			path = View;
			sourceTree = "<group>";
		};
/* End PBXGroup section */

/* Begin PBXNativeTarget section */
		160ADA4B2AD18957006FC41D /* JLPT Quiz */ = {
			isa = PBXNativeTarget;
			buildConfigurationList = 160ADA5A2AD18958006FC41D /* Build configuration list for PBXNativeTarget "JLPT Quiz" */;
			buildPhases = (
				160ADA482AD18957006FC41D /* Sources */,
				160ADA492AD18957006FC41D /* Frameworks */,
				160ADA4A2AD18957006FC41D /* Resources */,
			);
			buildRules = (
			);
			dependencies = (
			);
			name = "JLPT Quiz";
			packageProductDependencies = (
				16861F792AD2EEE0001B0F81 /* FirebaseAnalytics */,
				16861F852AD2EEE0001B0F81 /* FirebaseAuth */,
				16861F912AD2EEE0001B0F81 /* FirebaseFirestore */,
				16861F952AD2EEE0001B0F81 /* FirebaseFirestoreSwift */,
				16861FAB2AD2EEE0001B0F81 /* FirebaseStorage */,
			);
			productName = "JLPT Quiz";
			productReference = 160ADA4C2AD18957006FC41D /* JLPT Quiz.app */;
			productType = "com.apple.product-type.application";
		};
/* End PBXNativeTarget section */

/* Begin PBXProject section */
		160ADA442AD18957006FC41D /* Project object */ = {
			isa = PBXProject;
			attributes = {
				BuildIndependentTargetsInParallel = 1;
				LastSwiftUpdateCheck = 1420;
				LastUpgradeCheck = 1530;
				TargetAttributes = {
					160ADA4B2AD18957006FC41D = {
						CreatedOnToolsVersion = 14.2;
					};
				};
			};
			buildConfigurationList = 160ADA472AD18957006FC41D /* Build configuration list for PBXProject "JLPT Quiz" */;
			compatibilityVersion = "Xcode 15.3";
			developmentRegion = en;
			hasScannedForEncodings = 0;
			knownRegions = (
				en,
				Base,
			);
			mainGroup = 160ADA432AD18957006FC41D;
			packageReferences = (
				16861F782AD2EEE0001B0F81 /* XCRemoteSwiftPackageReference "firebase-ios-sdk" */,
			);
			productRefGroup = 160ADA4D2AD18957006FC41D /* Products */;
			projectDirPath = "";
			projectRoot = "";
			targets = (
				160ADA4B2AD18957006FC41D /* JLPT Quiz */,
			);
		};
/* End PBXProject section */

/* Begin PBXResourcesBuildPhase section */
		160ADA4A2AD18957006FC41D /* Resources */ = {
			isa = PBXResourcesBuildPhase;
			buildActionMask = 2147483647;
			files = (
				16428A742C2A887100F0D7E6 /* N5Q7.mp3 in Resources */,
				1678AD722C296A1200862B0D /* N1Q10.mp3 in Resources */,
				16428A762C2A887100F0D7E6 /* N5Q1.mp3 in Resources */,
				1678AD932C2A6CEE00862B0D /* N2Q8.mp3 in Resources */,
				1678AD7D2C296A1200862B0D /* N1Q4.mp3 in Resources */,
				16428A3E2C2A70E100F0D7E6 /* N3Q11.mp3 in Resources */,
				16428A382C2A70E100F0D7E6 /* N3Q12.mp3 in Resources */,
				1678AD942C2A6CEE00862B0D /* N2Q2.mp3 in Resources */,
				16428A3B2C2A70E100F0D7E6 /* N3Q5.mp3 in Resources */,
				1606B0C82BE0F9BA00CA099C /* GoogleService-Info.plist in Resources */,
				1678AD912C2A6CEE00862B0D /* N2Q5.mp3 in Resources */,
				16428A572C2A77F300F0D7E6 /* N4Q7.mp3 in Resources */,
				16428A522C2A77F300F0D7E6 /* N4Q4.mp3 in Resources */,
				1678AD7B2C296A1200862B0D /* N1Q7.mp3 in Resources */,
				16428A712C2A887100F0D7E6 /* N5Q6.mp3 in Resources */,
				1678AD8A2C2A6CEE00862B0D /* N2Q9.mp3 in Resources */,
				16428A542C2A77F300F0D7E6 /* N4Q3.mp3 in Resources */,
				16428A3D2C2A70E100F0D7E6 /* N3Q9.mp3 in Resources */,
				16428A6E2C2A887100F0D7E6 /* N5Q3.mp3 in Resources */,
				16428A362C2A70E100F0D7E6 /* N3Q7.mp3 in Resources */,
				16428A592C2A77F300F0D7E6 /* N4Q2.mp3 in Resources */,
				16428A372C2A70E100F0D7E6 /* N3Q8.mp3 in Resources */,
				16428A702C2A887100F0D7E6 /* N5Q2.mp3 in Resources */,
				16428A512C2A77F300F0D7E6 /* N4Q1.mp3 in Resources */,
				16428A5C2C2A77F300F0D7E6 /* N4Q15.mp3 in Resources */,
				16428A782C2A887100F0D7E6 /* N5Q13.mp3 in Resources */,
				1678AD742C296A1200862B0D /* N1Q9.mp3 in Resources */,
				16428A6F2C2A887100F0D7E6 /* N5Q10.mp3 in Resources */,
				16428A772C2A887100F0D7E6 /* N5Q9.mp3 in Resources */,
				16428A732C2A887100F0D7E6 /* N5Q5.mp3 in Resources */,
				1678AD762C296A1200862B0D /* N1Q6.mp3 in Resources */,
				1678AD8C2C2A6CEE00862B0D /* N2Q7.mp3 in Resources */,
				16428A5A2C2A77F300F0D7E6 /* N4Q9.mp3 in Resources */,
				16428A402C2A70E100F0D7E6 /* N3Q2.mp3 in Resources */,
				1678AD782C296A1200862B0D /* N1Q8.mp3 in Resources */,
				1678AD7C2C296A1200862B0D /* N1Q2.mp3 in Resources */,
				16428A722C2A887100F0D7E6 /* N5Q11.mp3 in Resources */,
				16428A392C2A70E100F0D7E6 /* N3Q3.mp3 in Resources */,
				1678AD732C296A1200862B0D /* N1Q13.mp3 in Resources */,
				1678AD752C296A1200862B0D /* N1Q11.mp3 in Resources */,
				16428A6D2C2A887100F0D7E6 /* N5Q4.mp3 in Resources */,
				16428A582C2A77F300F0D7E6 /* N4Q11.mp3 in Resources */,
				1678AD8E2C2A6CEE00862B0D /* N2Q3.mp3 in Resources */,
				16428A3A2C2A70E100F0D7E6 /* N3Q6.mp3 in Resources */,
				1678AD902C2A6CEE00862B0D /* N2Q10.mp3 in Resources */,
				1678AD792C296A1200862B0D /* N1Q1.mp3 in Resources */,
				160ADA572AD18958006FC41D /* Preview Assets.xcassets in Resources */,
				16428A532C2A77F300F0D7E6 /* N4Q13.mp3 in Resources */,
				16428A502C2A77F300F0D7E6 /* N4Q14.mp3 in Resources */,
				16428A5E2C2A77F300F0D7E6 /* N4Q5.mp3 in Resources */,
				1678AD8F2C2A6CEE00862B0D /* N2Q4.mp3 in Resources */,
				160ADA542AD18958006FC41D /* Assets.xcassets in Resources */,
				16428A562C2A77F300F0D7E6 /* N4Q6.mp3 in Resources */,
				16428A6C2C2A887100F0D7E6 /* N5Q8.mp3 in Resources */,
				16428A5D2C2A77F300F0D7E6 /* N4Q8.mp3 in Resources */,
				16428A3F2C2A70E100F0D7E6 /* N3Q4.mp3 in Resources */,
				1678AD7E2C296A1200862B0D /* N1Q5.mp3 in Resources */,
				1678AD7A2C296A1200862B0D /* N1Q12.mp3 in Resources */,
				16428A352C2A70E100F0D7E6 /* N3Q1.mp3 in Resources */,
				16428A3C2C2A70E100F0D7E6 /* N3Q10.mp3 in Resources */,
				1678AD922C2A6CEE00862B0D /* N2Q11.mp3 in Resources */,
				16428A5B2C2A77F300F0D7E6 /* N4Q10.mp3 in Resources */,
				1678AD8D2C2A6CEE00862B0D /* N2Q6.mp3 in Resources */,
				1678AD8B2C2A6CEE00862B0D /* N2Q1.mp3 in Resources */,
				1678AD772C296A1200862B0D /* N1Q3.mp3 in Resources */,
				16428A752C2A887100F0D7E6 /* N5Q12.mp3 in Resources */,
				16428A552C2A77F300F0D7E6 /* N4Q12.mp3 in Resources */,
			);
			runOnlyForDeploymentPostprocessing = 0;
		};
/* End PBXResourcesBuildPhase section */

/* Begin PBXSourcesBuildPhase section */
		160ADA482AD18957006FC41D /* Sources */ = {
			isa = PBXSourcesBuildPhase;
			buildActionMask = 2147483647;
			files = (
				1654C7A12B1B12530080D213 /* JLPTN3Video.swift in Sources */,
				16F7A73E2B08737D003F8E67 /* JLPTN2AUDIOTEST.swift in Sources */,
				16EB684E2AD683D6008E695E /* CustomButton.swift in Sources */,
				16861F612AD2D212001B0F81 /* Info.swift in Sources */,
				16F7A7442B0873A6003F8E67 /* JLPTN5AUDIOTEST.swift in Sources */,
				16861F6B2AD2D653001B0F81 /* JLPTN2.swift in Sources */,
				16861F632AD2D247001B0F81 /* Question.swift in Sources */,
				16861FB42AD3A528001B0F81 /* Select.swift in Sources */,
				16861F6E2AD2D667001B0F81 /* JLPTN3.swift in Sources */,
				16861F652AD2D2E9001B0F81 /* Home.swift in Sources */,
				16861F692AD2D648001B0F81 /* JLPTN1.swift in Sources */,
				1654C79D2B1AF6FA0080D213 /* JLPTN1Video.swift in Sources */,
				160ADA522AD18957006FC41D /* ContentView.swift in Sources */,
				16B4ED1D2B02F9AC006DD1EC /* SelectAudioTest.swift in Sources */,
				16B4ED1F2B02F9C1006DD1EC /* JLPTN1AUDIOTEST.swift in Sources */,
				1654C7A32B1B125D0080D213 /* JLPTN4Video.swift in Sources */,
				16861F702AD2D672001B0F81 /* JLPTN4.swift in Sources */,
				1654C79F2B1B11F90080D213 /* JLPTN2Video.swift in Sources */,
				160ADA502AD18957006FC41D /* JLPT_QuizApp.swift in Sources */,
				16A206262B19E45A00C1A138 /* SelectVideo.swift in Sources */,
				16F7A7402B08738C003F8E67 /* JLPTN3AUDIOTEST.swift in Sources */,
				16861F722AD2D67B001B0F81 /* JLPTN5.swift in Sources */,
				16861FB02AD2F669001B0F81 /* ScoreCardView.swift in Sources */,
				16F7A7422B08739C003F8E67 /* JLPTN4AUDIOTEST.swift in Sources */,
			);
			runOnlyForDeploymentPostprocessing = 0;
		};
/* End PBXSourcesBuildPhase section */

/* Begin XCBuildConfiguration section */
		160ADA582AD18958006FC41D /* Debug */ = {
			isa = XCBuildConfiguration;
			buildSettings = {
				ALWAYS_SEARCH_USER_PATHS = NO;
				ASSETCATALOG_COMPILER_GENERATE_SWIFT_ASSET_SYMBOL_EXTENSIONS = YES;
				CLANG_ANALYZER_NONNULL = YES;
				CLANG_ANALYZER_NUMBER_OBJECT_CONVERSION = YES_AGGRESSIVE;
				CLANG_CXX_LANGUAGE_STANDARD = "gnu++20";
				CLANG_ENABLE_MODULES = YES;
				CLANG_ENABLE_OBJC_ARC = YES;
				CLANG_ENABLE_OBJC_WEAK = YES;
				CLANG_WARN_BLOCK_CAPTURE_AUTORELEASING = YES;
				CLANG_WARN_BOOL_CONVERSION = YES;
				CLANG_WARN_COMMA = YES;
				CLANG_WARN_CONSTANT_CONVERSION = YES;
				CLANG_WARN_DEPRECATED_OBJC_IMPLEMENTATIONS = YES;
				CLANG_WARN_DIRECT_OBJC_ISA_USAGE = YES_ERROR;
				CLANG_WARN_DOCUMENTATION_COMMENTS = YES;
				CLANG_WARN_EMPTY_BODY = YES;
				CLANG_WARN_ENUM_CONVERSION = YES;
				CLANG_WARN_INFINITE_RECURSION = YES;
				CLANG_WARN_INT_CONVERSION = YES;
				CLANG_WARN_NON_LITERAL_NULL_CONVERSION = YES;
				CLANG_WARN_OBJC_IMPLICIT_RETAIN_SELF = YES;
				CLANG_WARN_OBJC_LITERAL_CONVERSION = YES;
				CLANG_WARN_OBJC_ROOT_CLASS = YES_ERROR;
				CLANG_WARN_QUOTED_INCLUDE_IN_FRAMEWORK_HEADER = YES;
				CLANG_WARN_RANGE_LOOP_ANALYSIS = YES;
				CLANG_WARN_STRICT_PROTOTYPES = YES;
				CLANG_WARN_SUSPICIOUS_MOVE = YES;
				CLANG_WARN_UNGUARDED_AVAILABILITY = YES_AGGRESSIVE;
				CLANG_WARN_UNREACHABLE_CODE = YES;
				CLANG_WARN__DUPLICATE_METHOD_MATCH = YES;
				COPY_PHASE_STRIP = NO;
				DEBUG_INFORMATION_FORMAT = dwarf;
				ENABLE_STRICT_OBJC_MSGSEND = YES;
				ENABLE_TESTABILITY = YES;
				ENABLE_USER_SCRIPT_SANDBOXING = YES;
				GCC_C_LANGUAGE_STANDARD = gnu11;
				GCC_DYNAMIC_NO_PIC = NO;
				GCC_NO_COMMON_BLOCKS = YES;
				GCC_OPTIMIZATION_LEVEL = 0;
				GCC_PREPROCESSOR_DEFINITIONS = (
					"DEBUG=1",
					"$(inherited)",
				);
				GCC_WARN_64_TO_32_BIT_CONVERSION = YES;
				GCC_WARN_ABOUT_RETURN_TYPE = YES_ERROR;
				GCC_WARN_UNDECLARED_SELECTOR = YES;
				GCC_WARN_UNINITIALIZED_AUTOS = YES_AGGRESSIVE;
				GCC_WARN_UNUSED_FUNCTION = YES;
				GCC_WARN_UNUSED_VARIABLE = YES;
				IPHONEOS_DEPLOYMENT_TARGET = 17.0;
				MTL_ENABLE_DEBUG_INFO = INCLUDE_SOURCE;
				MTL_FAST_MATH = YES;
				ONLY_ACTIVE_ARCH = YES;
				OTHER_LDFLAGS = "";
				SDKROOT = iphoneos;
				SWIFT_ACTIVE_COMPILATION_CONDITIONS = DEBUG;
				SWIFT_OPTIMIZATION_LEVEL = "-Onone";
			};
			name = Debug;
		};
		160ADA592AD18958006FC41D /* Release */ = {
			isa = XCBuildConfiguration;
			buildSettings = {
				ALWAYS_SEARCH_USER_PATHS = NO;
				ASSETCATALOG_COMPILER_GENERATE_SWIFT_ASSET_SYMBOL_EXTENSIONS = YES;
				CLANG_ANALYZER_NONNULL = YES;
				CLANG_ANALYZER_NUMBER_OBJECT_CONVERSION = YES_AGGRESSIVE;
				CLANG_CXX_LANGUAGE_STANDARD = "gnu++20";
				CLANG_ENABLE_MODULES = YES;
				CLANG_ENABLE_OBJC_ARC = YES;
				CLANG_ENABLE_OBJC_WEAK = YES;
				CLANG_WARN_BLOCK_CAPTURE_AUTORELEASING = YES;
				CLANG_WARN_BOOL_CONVERSION = YES;
				CLANG_WARN_COMMA = YES;
				CLANG_WARN_CONSTANT_CONVERSION = YES;
				CLANG_WARN_DEPRECATED_OBJC_IMPLEMENTATIONS = YES;
				CLANG_WARN_DIRECT_OBJC_ISA_USAGE = YES_ERROR;
				CLANG_WARN_DOCUMENTATION_COMMENTS = YES;
				CLANG_WARN_EMPTY_BODY = YES;
				CLANG_WARN_ENUM_CONVERSION = YES;
				CLANG_WARN_INFINITE_RECURSION = YES;
				CLANG_WARN_INT_CONVERSION = YES;
				CLANG_WARN_NON_LITERAL_NULL_CONVERSION = YES;
				CLANG_WARN_OBJC_IMPLICIT_RETAIN_SELF = YES;
				CLANG_WARN_OBJC_LITERAL_CONVERSION = YES;
				CLANG_WARN_OBJC_ROOT_CLASS = YES_ERROR;
				CLANG_WARN_QUOTED_INCLUDE_IN_FRAMEWORK_HEADER = YES;
				CLANG_WARN_RANGE_LOOP_ANALYSIS = YES;
				CLANG_WARN_STRICT_PROTOTYPES = YES;
				CLANG_WARN_SUSPICIOUS_MOVE = YES;
				CLANG_WARN_UNGUARDED_AVAILABILITY = YES_AGGRESSIVE;
				CLANG_WARN_UNREACHABLE_CODE = YES;
				CLANG_WARN__DUPLICATE_METHOD_MATCH = YES;
				COPY_PHASE_STRIP = NO;
				DEBUG_INFORMATION_FORMAT = "dwarf-with-dsym";
				ENABLE_NS_ASSERTIONS = NO;
				ENABLE_STRICT_OBJC_MSGSEND = YES;
				ENABLE_USER_SCRIPT_SANDBOXING = YES;
				GCC_C_LANGUAGE_STANDARD = gnu11;
				GCC_NO_COMMON_BLOCKS = YES;
				GCC_WARN_64_TO_32_BIT_CONVERSION = YES;
				GCC_WARN_ABOUT_RETURN_TYPE = YES_ERROR;
				GCC_WARN_UNDECLARED_SELECTOR = YES;
				GCC_WARN_UNINITIALIZED_AUTOS = YES_AGGRESSIVE;
				GCC_WARN_UNUSED_FUNCTION = YES;
				GCC_WARN_UNUSED_VARIABLE = YES;
				IPHONEOS_DEPLOYMENT_TARGET = 17.0;
				MTL_ENABLE_DEBUG_INFO = NO;
				MTL_FAST_MATH = YES;
				OTHER_LDFLAGS = "";
				SDKROOT = iphoneos;
				SWIFT_COMPILATION_MODE = wholemodule;
				SWIFT_OPTIMIZATION_LEVEL = "-O";
				VALIDATE_PRODUCT = YES;
			};
			name = Release;
		};
		160ADA5B2AD18958006FC41D /* Debug */ = {
			isa = XCBuildConfiguration;
			buildSettings = {
				ASSETCATALOG_COMPILER_APPICON_NAME = AppIcon;
				ASSETCATALOG_COMPILER_GLOBAL_ACCENT_COLOR_NAME = AccentColor;
				ASSETCATALOG_COMPILER_INCLUDE_ALL_APPICON_ASSETS = NO;
				CODE_SIGN_ENTITLEMENTS = "JLPT Quiz/JLPT Quiz.entitlements";
				CODE_SIGN_IDENTITY = "Apple Development";
				CODE_SIGN_STYLE = Automatic;
				CURRENT_PROJECT_VERSION = 1;
				DEVELOPMENT_ASSET_PATHS = "";
				DEVELOPMENT_TEAM = DUBPMF36TD;
				ENABLE_PREVIEWS = YES;
				GENERATE_INFOPLIST_FILE = YES;
				INFOPLIST_KEY_UIApplicationSceneManifest_Generation = YES;
				INFOPLIST_KEY_UIApplicationSupportsIndirectInputEvents = YES;
				INFOPLIST_KEY_UILaunchScreen_Generation = YES;
				INFOPLIST_KEY_UISupportedInterfaceOrientations = "UIInterfaceOrientationLandscapeLeft UIInterfaceOrientationPortrait UIInterfaceOrientationPortraitUpsideDown";
				INFOPLIST_KEY_UISupportedInterfaceOrientations_iPad = "UIInterfaceOrientationLandscapeLeft UIInterfaceOrientationLandscapeRight UIInterfaceOrientationPortrait UIInterfaceOrientationPortraitUpsideDown";
				IPHONEOS_DEPLOYMENT_TARGET = 16.0;
				LD_RUNPATH_SEARCH_PATHS = (
					"$(inherited)",
					"@executable_path/Frameworks",
				);
				MARKETING_VERSION = 5.0.2;
				OTHER_LDFLAGS = "";
				PRODUCT_BUNDLE_IDENTIFIER = "com.jaeminpark.JLPT-Quiz";
				PRODUCT_NAME = "$(TARGET_NAME)";
				PROVISIONING_PROFILE_SPECIFIER = "";
				SWIFT_EMIT_LOC_STRINGS = YES;
				SWIFT_VERSION = 5.0;
				TARGETED_DEVICE_FAMILY = "1,2";
			};
			name = Debug;
		};
		160ADA5C2AD18958006FC41D /* Release */ = {
			isa = XCBuildConfiguration;
			buildSettings = {
				ASSETCATALOG_COMPILER_APPICON_NAME = AppIcon;
				ASSETCATALOG_COMPILER_GLOBAL_ACCENT_COLOR_NAME = AccentColor;
				ASSETCATALOG_COMPILER_INCLUDE_ALL_APPICON_ASSETS = NO;
				CODE_SIGN_ENTITLEMENTS = "JLPT Quiz/JLPT Quiz.entitlements";
				CODE_SIGN_IDENTITY = "Apple Development";
				CODE_SIGN_STYLE = Automatic;
				CURRENT_PROJECT_VERSION = 1;
				DEVELOPMENT_ASSET_PATHS = "";
				DEVELOPMENT_TEAM = DUBPMF36TD;
				ENABLE_PREVIEWS = YES;
				GENERATE_INFOPLIST_FILE = YES;
				INFOPLIST_KEY_UIApplicationSceneManifest_Generation = YES;
				INFOPLIST_KEY_UIApplicationSupportsIndirectInputEvents = YES;
				INFOPLIST_KEY_UILaunchScreen_Generation = YES;
				INFOPLIST_KEY_UISupportedInterfaceOrientations = "UIInterfaceOrientationLandscapeLeft UIInterfaceOrientationPortrait UIInterfaceOrientationPortraitUpsideDown";
				INFOPLIST_KEY_UISupportedInterfaceOrientations_iPad = "UIInterfaceOrientationLandscapeLeft UIInterfaceOrientationLandscapeRight UIInterfaceOrientationPortrait UIInterfaceOrientationPortraitUpsideDown";
				IPHONEOS_DEPLOYMENT_TARGET = 16.0;
				LD_RUNPATH_SEARCH_PATHS = (
					"$(inherited)",
					"@executable_path/Frameworks",
				);
				MARKETING_VERSION = 5.0.2;
				OTHER_LDFLAGS = "";
				PRODUCT_BUNDLE_IDENTIFIER = "com.jaeminpark.JLPT-Quiz";
				PRODUCT_NAME = "$(TARGET_NAME)";
				PROVISIONING_PROFILE_SPECIFIER = "";
				SWIFT_EMIT_LOC_STRINGS = YES;
				SWIFT_VERSION = 5.0;
				TARGETED_DEVICE_FAMILY = "1,2";
			};
			name = Release;
		};
/* End XCBuildConfiguration section */

/* Begin XCConfigurationList section */
		160ADA472AD18957006FC41D /* Build configuration list for PBXProject "JLPT Quiz" */ = {
			isa = XCConfigurationList;
			buildConfigurations = (
				160ADA582AD18958006FC41D /* Debug */,
				160ADA592AD18958006FC41D /* Release */,
			);
			defaultConfigurationIsVisible = 0;
			defaultConfigurationName = Release;
		};
		160ADA5A2AD18958006FC41D /* Build configuration list for PBXNativeTarget "JLPT Quiz" */ = {
			isa = XCConfigurationList;
			buildConfigurations = (
				160ADA5B2AD18958006FC41D /* Debug */,
				160ADA5C2AD18958006FC41D /* Release */,
			);
			defaultConfigurationIsVisible = 0;
			defaultConfigurationName = Release;
		};
/* End XCConfigurationList section */

/* Begin XCRemoteSwiftPackageReference section */
		16861F782AD2EEE0001B0F81 /* XCRemoteSwiftPackageReference "firebase-ios-sdk" */ = {
			isa = XCRemoteSwiftPackageReference;
			repositoryURL = "https://github.com/firebase/firebase-ios-sdk";
			requirement = {
				kind = upToNextMajorVersion;
				minimumVersion = 10.16.0;
			};
		};
/* End XCRemoteSwiftPackageReference section */

/* Begin XCSwiftPackageProductDependency section */
		16861F792AD2EEE0001B0F81 /* FirebaseAnalytics */ = {
			isa = XCSwiftPackageProductDependency;
			package = 16861F782AD2EEE0001B0F81 /* XCRemoteSwiftPackageReference "firebase-ios-sdk" */;
			productName = FirebaseAnalytics;
		};
		16861F852AD2EEE0001B0F81 /* FirebaseAuth */ = {
			isa = XCSwiftPackageProductDependency;
			package = 16861F782AD2EEE0001B0F81 /* XCRemoteSwiftPackageReference "firebase-ios-sdk" */;
			productName = FirebaseAuth;
		};
		16861F912AD2EEE0001B0F81 /* FirebaseFirestore */ = {
			isa = XCSwiftPackageProductDependency;
			package = 16861F782AD2EEE0001B0F81 /* XCRemoteSwiftPackageReference "firebase-ios-sdk" */;
			productName = FirebaseFirestore;
		};
		16861F952AD2EEE0001B0F81 /* FirebaseFirestoreSwift */ = {
			isa = XCSwiftPackageProductDependency;
			package = 16861F782AD2EEE0001B0F81 /* XCRemoteSwiftPackageReference "firebase-ios-sdk" */;
			productName = FirebaseFirestoreSwift;
		};
		16861FAB2AD2EEE0001B0F81 /* FirebaseStorage */ = {
			isa = XCSwiftPackageProductDependency;
			package = 16861F782AD2EEE0001B0F81 /* XCRemoteSwiftPackageReference "firebase-ios-sdk" */;
			productName = FirebaseStorage;
		};
/* End XCSwiftPackageProductDependency section */
	};
	rootObject = 160ADA442AD18957006FC41D /* Project object */;
}
